
Microsoft Visual Studio Solution File, Format Version 12.00
Project("{FAE04EC0-301F-11D3-BF4B-00C04F79EFBC}") = "Assignment_01", "Assignment_01\Assignment_01.csproj", "{DE5A07CD-4D98-476F-B3C5-01E9870E7D0A}"
EndProject
Global
	GlobalSection(SolutionConfigurationPlatforms) = preSolution
		Debug|Any CPU = Debug|Any CPU
		Release|Any CPU = Release|Any CPU
	EndGlobalSection
	GlobalSection(ProjectConfigurationPlatforms) = postSolution
		{DE5A07CD-4D98-476F-B3C5-01E9870E7D0A}.Debug|Any CPU.ActiveCfg = Debug|Any CPU
		{DE5A07CD-4D98-476F-B3C5-01E9870E7D0A}.Debug|Any CPU.Build.0 = Debug|Any CPU
		{DE5A07CD-4D98-476F-B3C5-01E9870E7D0A}.Release|Any CPU.ActiveCfg = Release|Any CPU
		{DE5A07CD-4D98-476F-B3C5-01E9870E7D0A}.Release|Any CPU.Build.0 = Release|Any CPU
	EndGlobalSection
EndGlobal
